# This file is automatically @generated by Cargo.
# It is not intended for manual editing.
version = 4

[[package]]
name = "apricorn-core"
version = "0.1.0"

[[package]]
name = "apricorn-desktop"
version = "0.1.0"
dependencies = [
 "apricorn-core",
]

[[package]]
name = "apricorn-harness"
version = "0.1.0"
dependencies = [
 "apricorn-core",
]

[[package]]
name = "apricorn-tools"
version = "0.1.0"
